{
  "nodes": {
    "crane": {
      "locked": {
        "lastModified": 1780532242,
        "narHash": "sha256-D+BsdpxmtUwtqGoY0IXPhHgTlmqgcZKCEo1oMyn7ep0=",
        "owner": "ipetkov",
        "repo": "crane",
        "rev": "59a82a1222dd3b2080b5cc52a1a2e8d5f1b77f37",
        "type": "github"
      },
      "original": {
        "owner": "ipetkov",
        "repo": "crane",
        "type": "github"
      }
    },
    "firefox-addons": {
      "inputs": {
        "nixpkgs": [
          "nixpkgs"
        ]
      },
      "locked": {
        "dir": "pkgs/firefox-addons",
        "lastModified": 1781755371,
        "narHash": "sha256-szn244AgV/C9K5+SrC34IJ2NovVSwPKzZDLebaFR8Y8=",
        "owner": "rycee",
        "repo": "nur-expressions",
        "rev": "a2ed46ffe196a1520576349c6ef2f14dc67c9862",
        "type": "gitlab"
      },
      "original": {
        "dir": "pkgs/firefox-addons",
        "owner": "rycee",
        "repo": "nur-expressions",
        "type": "gitlab"
      }
    },
    "flake-compat": {
      "flake": false,
      "locked": {
        "lastModified": 1767039857,
        "narHash": "sha256-vNpUSpF5Nuw8xvDLj2KCwwksIbjua2LZCqhV1LNRDns=",
        "owner": "NixOS",
        "repo": "flake-compat",
        "rev": "5edf11c44bc78a0d334f6334cdaf7d60d732daab",
        "type": "github"
      },
      "original": {
        "owner": "NixOS",
        "repo": "flake-compat",
        "type": "github"
      }
    },
    "flake-utils": {
      "inputs": {
        "systems": "systems"
      },
      "locked": {
        "lastModified": 1731533236,
        "narHash": "sha256-l0KFg5HjrsfsO/JpG+r7fRrqm12kzFHyUHqHCVpMMbI=",
        "owner": "numtide",
        "repo": "flake-utils",
        "rev": "11707dc2f618dd54ca8739b309ec4fc024de578b",
        "type": "github"
      },
      "original": {
        "owner": "numtide",
        "repo": "flake-utils",
        "type": "github"
      }
    },
    "gitignore": {
      "inputs": {
        "nixpkgs": [
          "lanzaboote",
          "pre-commit",
          "nixpkgs"
        ]
      },
      "locked": {
        "lastModified": 1709087332,
        "narHash": "sha256-HG2cCnktfHsKV0s4XW83gU3F57gaTljL9KNSuG6bnQs=",
        "owner": "hercules-ci",
        "repo": "gitignore.nix",
        "rev": "637db329424fd7e46cf4185293b9cc8c88c95394",
        "type": "github"
      },
      "original": {
        "owner": "hercules-ci",
        "repo": "gitignore.nix",
        "type": "github"
      }
    },
    "home-manager": {
      "inputs": {
        "nixpkgs": [
          "nixpkgs"
        ]
      },
      "locked": {
        "lastModified": 1781751568,
        "narHash": "sha256-hZAbXoNA4nCSaIJJLGl/EdErFtlnAS06jEp4oO7Qp6s=",
        "owner": "nix-community",
        "repo": "home-manager",
        "rev": "5bcff43156c0eebe68759338b7879c8e1b2e2bd0",
        "type": "github"
      },
      "original": {
        "owner": "nix-community",
        "repo": "home-manager",
        "type": "github"
      }
    },
    "izosevka": {
      "inputs": {
        "nixpkgs": [
          "nixpkgs"
        ]
      },
      "locked": {
        "lastModified": 1781484878,
        "narHash": "sha256-gCjMzFAT35kOXB3XvttsYhiAA96sdh8L4CXHKnHC+EY=",
        "owner": "iztiev",
        "repo": "Izosevka",
        "rev": "8d01ed4a3145505634d10c0a81a22d3e9c017fbd",
        "type": "github"
      },
      "original": {
        "owner": "iztiev",
        "repo": "Izosevka",
        "type": "github"
      }
    },
    "lanzaboote": {
      "inputs": {
        "crane": "crane",
        "nixpkgs": [
          "nixpkgs"
        ],
        "pre-commit": "pre-commit",
        "rust-overlay": "rust-overlay"
      },
      "locked": {
        "lastModified": 1781649287,
        "narHash": "sha256-ycG9a7svaV/zF9G03waY7BqUcNQn2HODMN/lXy3C7Zc=",
        "owner": "nix-community",
        "repo": "lanzaboote",
        "rev": "001e560fffc8f0235e9db20ebeb4ccde0ade1caf",
        "type": "github"
      },
      "original": {
        "owner": "nix-community",
        "repo": "lanzaboote",
        "type": "github"
      }
    },
    "ncalayer": {
      "inputs": {
        "flake-utils": "flake-utils",
        "nixpkgs": [
          "nixpkgs"
        ]
      },
      "locked": {
        "lastModified": 1772040260,
        "narHash": "sha256-vlbqZ5bFtg3wMbECmoBAjbqRjcBJgBAW8F+QoyWe6Fc=",
        "owner": "iztiev",
        "repo": "NCALayer-Linux",
        "rev": "e3cefb2c52efb8ce03c4b18784b918b5877123df",
        "type": "github"
      },
      "original": {
        "owner": "iztiev",
        "repo": "NCALayer-Linux",
        "type": "github"
      }
    },
    "nix-claude-code": {
      "inputs": {
        "nixpkgs": [
          "nixpkgs"
        ]
      },
      "locked": {
        "lastModified": 1781735471,
        "narHash": "sha256-kqudiKV9V9iKUJ9tpfdCfnQCuEmP/zsmJnHKujWUJhg=",
        "owner": "ryoppippi",
        "repo": "nix-claude-code",
        "rev": "60d19570ba884031c1ff23c5048a1801cf362548",
        "type": "github"
      },
      "original": {
        "owner": "ryoppippi",
        "repo": "nix-claude-code",
        "type": "github"
      }
    },
    "nix-vscode-extensions": {
      "inputs": {
        "nixpkgs": [
          "nixpkgs"
        ]
      },
      "locked": {
        "lastModified": 1781756886,
        "narHash": "sha256-O19FRVtXC+2fNkbIlwssYVay284ynwEK9QAvHAVTLFA=",
        "owner": "nix-community",
        "repo": "nix-vscode-extensions",
        "rev": "092eb7e14b6950afb62ad4b0bc2532a122d206e0",
        "type": "github"
      },
      "original": {
        "owner": "nix-community",
        "repo": "nix-vscode-extensions",
        "type": "github"
      }
    },
    "nixpkgs": {
      "locked": {
        "lastModified": 1781577229,
        "narHash": "sha256-lrp67w8AulE9Ks53n27I45ADSzbOCn4H+CNW1Ck8B+8=",
        "owner": "NixOS",
        "repo": "nixpkgs",
        "rev": "567a49d1913ce81ac6e9582e3553dd90a955875f",
        "type": "github"
      },
      "original": {
        "owner": "NixOS",
        "ref": "nixos-unstable",
        "repo": "nixpkgs",
        "type": "github"
      }
    },
    "nixpkgs-stable": {
      "locked": {
        "lastModified": 1781509190,
        "narHash": "sha256-uJZs9Di8I6ciTp6jiojj0HzlNpBkud8ax5aT/O5aJkw=",
        "owner": "NixOS",
        "repo": "nixpkgs",
        "rev": "d6df3513510aa548c83868fd22bfddd0a8c0a0d4",
        "type": "github"
      },
      "original": {
        "owner": "NixOS",
        "ref": "nixos-25.11",
        "repo": "nixpkgs",
        "type": "github"
      }
    },
    "plasma-manager": {
      "inputs": {
        "home-manager": [
          "home-manager"
        ],
        "nixpkgs": [
          "nixpkgs"
        ]
      },
      "locked": {
        "lastModified": 1775856943,
        "narHash": "sha256-b7Mp7P+q2Md5AGt4rjHfMcBykzMumFTen10ST++AuTU=",
        "owner": "nix-community",
        "repo": "plasma-manager",
        "rev": "a524a6160e6df89f7673ba293cf7d78b559eb1a5",
        "type": "github"
      },
      "original": {
        "owner": "nix-community",
        "repo": "plasma-manager",
        "type": "github"
      }
    },
    "pre-commit": {
      "inputs": {
        "flake-compat": "flake-compat",
        "gitignore": "gitignore",
        "nixpkgs": [
          "lanzaboote",
          "nixpkgs"
        ]
      },
      "locked": {
        "lastModified": 1778507602,
        "narHash": "sha256-kTwur1wV+01SdqskVMSo6JMEpg71ps3HpbFY2GsflKs=",
        "owner": "cachix",
        "repo": "pre-commit-hooks.nix",
        "rev": "61ab0e80d9c7ab14c256b5b453d8b3fb0189ba0a",
        "type": "github"
      },
      "original": {
        "owner": "cachix",
        "repo": "pre-commit-hooks.nix",
        "type": "github"
      }
    },
    "root": {
      "inputs": {
        "firefox-addons": "firefox-addons",
        "home-manager": "home-manager",
        "izosevka": "izosevka",
        "lanzaboote": "lanzaboote",
        "ncalayer": "ncalayer",
        "nix-claude-code": "nix-claude-code",
        "nix-vscode-extensions": "nix-vscode-extensions",
        "nixpkgs": "nixpkgs",
        "nixpkgs-stable": "nixpkgs-stable",
        "plasma-manager": "plasma-manager",
        "sops-nix": "sops-nix"
      }
    },
    "rust-overlay": {
      "inputs": {
        "nixpkgs": [
          "lanzaboote",
          "nixpkgs"
        ]
      },
      "locked": {
        "lastModified": 1781407245,
        "narHash": "sha256-VzJq4MmD0uyNDAceudSe1hHqcQMe9Tau0U4S+5iRGh0=",
        "owner": "oxalica",
        "repo": "rust-overlay",
        "rev": "d5f483210eb016d66102eef22baa128b3b3233fc",
        "type": "github"
      },
      "original": {
        "owner": "oxalica",
        "repo": "rust-overlay",
        "type": "github"
      }
    },
    "sops-nix": {
      "inputs": {
        "nixpkgs": [
          "nixpkgs"
        ]
      },
      "locked": {
        "lastModified": 1780547341,
        "narHash": "sha256-Gq8KNx5A7hBB3uGJaj6eQfLDIz5YdLu92gqBcvHvoUo=",
        "owner": "mic92",
        "repo": "sops-nix",
        "rev": "9ed65852b6257fbeae4355bc24ecfea307ca759a",
        "type": "github"
      },
      "original": {
        "owner": "mic92",
        "repo": "sops-nix",
        "type": "github"
      }
    },
    "systems": {
      "locked": {
        "lastModified": 1681028828,
        "narHash": "sha256-Vy1rq5AaRuLzOxct8nz4T6wlgyUR7zLU309k9mBC768=",
        "owner": "nix-systems",
        "repo": "default",
        "rev": "da67096a3b9bf56a91d16901293e51ba5b49a27e",
        "type": "github"
      },
      "original": {
        "owner": "nix-systems",
        "repo": "default",
        "type": "github"
      }
    }
  },
  "root": "root",
  "version": 7
}
